
Microsoft Visual Studio Solution File, Format Version 12.00
# Visual Studio Version 17
VisualStudioVersion = 17.3.32804.467
MinimumVisualStudioVersion = 10.0.40219.1
Project("{FAE04EC0-301F-11D3-BF4B-00C04F79EFBC}") = "ex", "ex\ex.csproj", "{E5F14CF7-9A49-4DD6-9B1E-48CB17DE8ECF}"
EndProject
Global
	GlobalSection(SolutionConfigurationPlatforms) = preSolution
		Debug|Any CPU = Debug|Any CPU
		Release|Any CPU = Release|Any CPU
	EndGlobalSection
	GlobalSection(ProjectConfigurationPlatforms) = postSolution
		{E5F14CF7-9A49-4DD6-9B1E-48CB17DE8ECF}.Debug|Any CPU.ActiveCfg = Debug|Any CPU
		{E5F14CF7-9A49-4DD6-9B1E-48CB17DE8ECF}.Debug|Any CPU.Build.0 = Debug|Any CPU
		{E5F14CF7-9A49-4DD6-9B1E-48CB17DE8ECF}.Release|Any CPU.ActiveCfg = Release|Any CPU
		{E5F14CF7-9A49-4DD6-9B1E-48CB17DE8ECF}.Release|Any CPU.Build.0 = Release|Any CPU
	EndGlobalSection
	GlobalSection(SolutionProperties) = preSolution
		HideSolutionNode = FALSE
	EndGlobalSection
	GlobalSection(ExtensibilityGlobals) = postSolution
		SolutionGuid = {6F98633E-1F5A-4A22-9A9F-E3257FFE3BF2}
	EndGlobalSection
EndGlobal
