
Microsoft Visual Studio Solution File, Format Version 12.00
# Visual Studio Version 17
VisualStudioVersion = 17.3.32804.467
MinimumVisualStudioVersion = 10.0.40219.1
Project("{FAE04EC0-301F-11D3-BF4B-00C04F79EFBC}") = "Bank_Minimal_AP", "Bank_Minimal_AP\Bank_Minimal_AP.csproj", "{21A47386-E7FD-4882-A326-65E6EAD23A93}"
EndProject
Global
	GlobalSection(SolutionConfigurationPlatforms) = preSolution
		Debug|Any CPU = Debug|Any CPU
		Release|Any CPU = Release|Any CPU
	EndGlobalSection
	GlobalSection(ProjectConfigurationPlatforms) = postSolution
		{21A47386-E7FD-4882-A326-65E6EAD23A93}.Debug|Any CPU.ActiveCfg = Debug|Any CPU
		{21A47386-E7FD-4882-A326-65E6EAD23A93}.Debug|Any CPU.Build.0 = Debug|Any CPU
		{21A47386-E7FD-4882-A326-65E6EAD23A93}.Release|Any CPU.ActiveCfg = Release|Any CPU
		{21A47386-E7FD-4882-A326-65E6EAD23A93}.Release|Any CPU.Build.0 = Release|Any CPU
	EndGlobalSection
	GlobalSection(SolutionProperties) = preSolution
		HideSolutionNode = FALSE
	EndGlobalSection
	GlobalSection(ExtensibilityGlobals) = postSolution
		SolutionGuid = {1946D6FA-B420-4306-8B4C-07757699C32E}
	EndGlobalSection
EndGlobal
