
Microsoft Visual Studio Solution File, Format Version 12.00
# Visual Studio Version 17
VisualStudioVersion = 17.3.32804.467
MinimumVisualStudioVersion = 10.0.40219.1
Project("{FAE04EC0-301F-11D3-BF4B-00C04F79EFBC}") = "SchoolApp", "SchoolApp\SchoolApp.csproj", "{0A59F005-8614-43A1-805A-ADDB844DC432}"
EndProject
Global
	GlobalSection(SolutionConfigurationPlatforms) = preSolution
		Debug|Any CPU = Debug|Any CPU
		Release|Any CPU = Release|Any CPU
	EndGlobalSection
	GlobalSection(ProjectConfigurationPlatforms) = postSolution
		{0A59F005-8614-43A1-805A-ADDB844DC432}.Debug|Any CPU.ActiveCfg = Debug|Any CPU
		{0A59F005-8614-43A1-805A-ADDB844DC432}.Debug|Any CPU.Build.0 = Debug|Any CPU
		{0A59F005-8614-43A1-805A-ADDB844DC432}.Release|Any CPU.ActiveCfg = Release|Any CPU
		{0A59F005-8614-43A1-805A-ADDB844DC432}.Release|Any CPU.Build.0 = Release|Any CPU
	EndGlobalSection
	GlobalSection(SolutionProperties) = preSolution
		HideSolutionNode = FALSE
	EndGlobalSection
	GlobalSection(ExtensibilityGlobals) = postSolution
		SolutionGuid = {5C32D5CD-EF6A-44C6-BF2F-D87D8E6AC7A7}
	EndGlobalSection
EndGlobal
